
Microsoft Visual Studio Solution File, Format Version 12.00
# Visual Studio Version 17
VisualStudioVersion = 17.0.32126.317
MinimumVisualStudioVersion = 10.0.40219.1
Project("{9A19103F-16F7-4668-BE54-9A1E7A4F7556}") = "SUNews", "SUNews\SUNews.csproj", "{87A18A99-C616-4EB8-B378-C4C0FA3D2859}"
EndProject
Project("{9A19103F-16F7-4668-BE54-9A1E7A4F7556}") = "SUNews.Data", "SUNews.Data\SUNews.Data.csproj", "{F6FC0547-AEF2-4032-A3D1-7BA30948D96B}"
EndProject
Project("{9A19103F-16F7-4668-BE54-9A1E7A4F7556}") = "SUNews.Services", "SUNews.Services\SUNews.Services.csproj", "{AFF0D8C5-000A-49FF-8B3D-3841A8F7BE95}"
EndProject
Project("{FAE04EC0-301F-11D3-BF4B-00C04F79EFBC}") = "SUNews.Tests", "SUNews.Tests\SUNews.Tests.csproj", "{92BA459F-B731-4B36-8E87-DA890D559F47}"
EndProject
Global
	GlobalSection(SolutionConfigurationPlatforms) = preSolution
		Debug|Any CPU = Debug|Any CPU
		Release|Any CPU = Release|Any CPU
	EndGlobalSection
	GlobalSection(ProjectConfigurationPlatforms) = postSolution
		{87A18A99-C616-4EB8-B378-C4C0FA3D2859}.Debug|Any CPU.ActiveCfg = Debug|Any CPU
		{87A18A99-C616-4EB8-B378-C4C0FA3D2859}.Debug|Any CPU.Build.0 = Debug|Any CPU
		{87A18A99-C616-4EB8-B378-C4C0FA3D2859}.Release|Any CPU.ActiveCfg = Release|Any CPU
		{87A18A99-C616-4EB8-B378-C4C0FA3D2859}.Release|Any CPU.Build.0 = Release|Any CPU
		{F6FC0547-AEF2-4032-A3D1-7BA30948D96B}.Debug|Any CPU.ActiveCfg = Debug|Any CPU
		{F6FC0547-AEF2-4032-A3D1-7BA30948D96B}.Debug|Any CPU.Build.0 = Debug|Any CPU
		{F6FC0547-AEF2-4032-A3D1-7BA30948D96B}.Release|Any CPU.ActiveCfg = Release|Any CPU
		{F6FC0547-AEF2-4032-A3D1-7BA30948D96B}.Release|Any CPU.Build.0 = Release|Any CPU
		{AFF0D8C5-000A-49FF-8B3D-3841A8F7BE95}.Debug|Any CPU.ActiveCfg = Debug|Any CPU
		{AFF0D8C5-000A-49FF-8B3D-3841A8F7BE95}.Debug|Any CPU.Build.0 = Debug|Any CPU
		{AFF0D8C5-000A-49FF-8B3D-3841A8F7BE95}.Release|Any CPU.ActiveCfg = Release|Any CPU
		{AFF0D8C5-000A-49FF-8B3D-3841A8F7BE95}.Release|Any CPU.Build.0 = Release|Any CPU
		{92BA459F-B731-4B36-8E87-DA890D559F47}.Debug|Any CPU.ActiveCfg = Debug|Any CPU
		{92BA459F-B731-4B36-8E87-DA890D559F47}.Debug|Any CPU.Build.0 = Debug|Any CPU
		{92BA459F-B731-4B36-8E87-DA890D559F47}.Release|Any CPU.ActiveCfg = Release|Any CPU
		{92BA459F-B731-4B36-8E87-DA890D559F47}.Release|Any CPU.Build.0 = Release|Any CPU
	EndGlobalSection
	GlobalSection(SolutionProperties) = preSolution
		HideSolutionNode = FALSE
	EndGlobalSection
	GlobalSection(ExtensibilityGlobals) = postSolution
		SolutionGuid = {FF04EB98-4F19-45AF-9346-48CF0E9E4B61}
	EndGlobalSection
EndGlobal
